
Microsoft Visual Studio Solution File, Format Version 12.00
# Visual Studio 15
VisualStudioVersion = 15.0.28010.2016
MinimumVisualStudioVersion = 10.0.40219.1
Project("{FAE04EC0-301F-11D3-BF4B-00C04F79EFBC}") = "MagicToolBox.LunchTray", "MagicToolBox.LunchTray.csproj", "{88DCC350-EDA7-4599-8ADE-8230F0B73A16}"
EndProject
Global
	GlobalSection(SolutionConfigurationPlatforms) = preSolution
		Debug|Any CPU = Debug|Any CPU
		Release|Any CPU = Release|Any CPU
	EndGlobalSection
	GlobalSection(ProjectConfigurationPlatforms) = postSolution
		{88DCC350-EDA7-4599-8ADE-8230F0B73A16}.Debug|Any CPU.ActiveCfg = Debug|Any CPU
		{88DCC350-EDA7-4599-8ADE-8230F0B73A16}.Debug|Any CPU.Build.0 = Debug|Any CPU
		{88DCC350-EDA7-4599-8ADE-8230F0B73A16}.Release|Any CPU.ActiveCfg = Release|Any CPU
		{88DCC350-EDA7-4599-8ADE-8230F0B73A16}.Release|Any CPU.Build.0 = Release|Any CPU
	EndGlobalSection
	GlobalSection(SolutionProperties) = preSolution
		HideSolutionNode = FALSE
	EndGlobalSection
	GlobalSection(ExtensibilityGlobals) = postSolution
		SolutionGuid = {98DD5830-44A7-4AD4-88CD-6A0E5CD635ED}
	EndGlobalSection
EndGlobal
